
Microsoft Visual Studio Solution File, Format Version 12.00
# Visual Studio 15
VisualStudioVersion = 15.0.27703.2035
MinimumVisualStudioVersion = 10.0.40219.1
Project("{FAE04EC0-301F-11D3-BF4B-00C04F79EFBC}") = "CheckZips2", "CheckZips2\CheckZips2.csproj", "{CD8750A3-2124-403C-97DF-202474177820}"
EndProject
Global
	GlobalSection(SolutionConfigurationPlatforms) = preSolution
		Debug|Any CPU = Debug|Any CPU
		Release|Any CPU = Release|Any CPU
	EndGlobalSection
	GlobalSection(ProjectConfigurationPlatforms) = postSolution
		{CD8750A3-2124-403C-97DF-202474177820}.Debug|Any CPU.ActiveCfg = Debug|Any CPU
		{CD8750A3-2124-403C-97DF-202474177820}.Debug|Any CPU.Build.0 = Debug|Any CPU
		{CD8750A3-2124-403C-97DF-202474177820}.Release|Any CPU.ActiveCfg = Release|Any CPU
		{CD8750A3-2124-403C-97DF-202474177820}.Release|Any CPU.Build.0 = Release|Any CPU
	EndGlobalSection
	GlobalSection(SolutionProperties) = preSolution
		HideSolutionNode = FALSE
	EndGlobalSection
	GlobalSection(ExtensibilityGlobals) = postSolution
		SolutionGuid = {7921A31B-2022-41F6-AE52-323E0916C286}
	EndGlobalSection
EndGlobal
